
Microsoft Visual Studio Solution File, Format Version 12.00
# Visual Studio Version 16
VisualStudioVersion = 16.0.28621.142
MinimumVisualStudioVersion = 10.0.40219.1
Project("{9A19103F-16F7-4668-BE54-9A1E7A4F7556}") = "SitecoreBlazorHosted.Server", "SitecoreBlazorHosted.Server\SitecoreBlazorHosted.Server.csproj", "{68D208ED-3786-4A9B-AEDD-814AE315B055}"
EndProject
Project("{9A19103F-16F7-4668-BE54-9A1E7A4F7556}") = "SitecoreBlazorHosted.Client", "SitecoreBlazorHosted.Client\SitecoreBlazorHosted.Client.csproj", "{405D481A-2358-48F2-B5B5-012C7C907504}"
EndProject
Project("{9A19103F-16F7-4668-BE54-9A1E7A4F7556}") = "SitecoreBlazorHosted.Shared", "SitecoreBlazorHosted.Shared\SitecoreBlazorHosted.Shared.csproj", "{5A780544-E47E-4754-8B33-899E92280B7E}"
EndProject
Project("{2150E333-8FDC-42A3-9474-1A3956D46DE8}") = "Foundation", "Foundation", "{775B8268-1BED-4DC2-988D-D1D221FB5000}"
EndProject
Project("{9A19103F-16F7-4668-BE54-9A1E7A4F7556}") = "Foundation.BlazorExtensions", "Foundation\BlazorExtensions\Foundation.BlazorExtensions.csproj", "{366BF286-D763-471B-8F86-8F3700D8E2D8}"
EndProject
Project("{2150E333-8FDC-42A3-9474-1A3956D46DE8}") = "Feature", "Feature", "{1967A168-3E33-4896-BA6E-0FC4A555923A}"
EndProject
Project("{9A19103F-16F7-4668-BE54-9A1E7A4F7556}") = "Feature.PageContent", "Feature\PageContent\Feature.PageContent.csproj", "{993D9697-A319-4F76-91EB-E12908BF8751}"
EndProject
Project("{9A19103F-16F7-4668-BE54-9A1E7A4F7556}") = "Feature.Navigation", "Feature\navigation\Feature.Navigation.csproj", "{84454DD2-D745-41E0-9061-5C4508DE9512}"
EndProject
Project("{9A19103F-16F7-4668-BE54-9A1E7A4F7556}") = "Feature.Identity", "Feature\Identity\Feature.Identity.csproj", "{E82CBD32-29D2-47DD-A684-26C94BBD741C}"
EndProject
Project("{9A19103F-16F7-4668-BE54-9A1E7A4F7556}") = "Feature.Teasers", "Feature\Teasers\Feature.Teasers.csproj", "{D4979057-2940-424F-B247-71B60DC379FD}"
EndProject
Project("{2150E333-8FDC-42A3-9474-1A3956D46DE8}") = "Project", "Project", "{70268BB7-C322-48A1-B420-155DE0A3FDB2}"
EndProject
Project("{9A19103F-16F7-4668-BE54-9A1E7A4F7556}") = "Project.BlazorSite", "Project\BlazorSite\Project.BlazorSite.csproj", "{EB1345A2-C6CD-405E-BF69-7941A633C0A9}"
EndProject
Project("{2150E333-8FDC-42A3-9474-1A3956D46DE8}") = "AzurePipelines", "AzurePipelines", "{F87CFBDF-3EEA-41C7-867E-F59DE721ECA8}"
	ProjectSection(SolutionItems) = preProject
		azure-pipelines.yml = azure-pipelines.yml
	EndProjectSection
EndProject
Project("{FAE04EC0-301F-11D3-BF4B-00C04F79EFBC}") = "Foundation.BlazorExtensions.Tests", "Foundation\BlazorExtensions.Tests\Foundation.BlazorExtensions.Tests.csproj", "{A6AE3FC5-1C14-4F18-992F-8DE845F613D6}"
EndProject
Project("{2150E333-8FDC-42A3-9474-1A3956D46DE8}") = "BlazorExtensions", "BlazorExtensions", "{571772E8-D061-4C6A-89D1-89A95A25E4B9}"
EndProject
Global
	GlobalSection(SolutionConfigurationPlatforms) = preSolution
		BlazorClient|Any CPU = BlazorClient|Any CPU
		BlazorServer|Any CPU = BlazorServer|Any CPU
		Debug|Any CPU = Debug|Any CPU
		Release|Any CPU = Release|Any CPU
	EndGlobalSection
	GlobalSection(ProjectConfigurationPlatforms) = postSolution
		{68D208ED-3786-4A9B-AEDD-814AE315B055}.BlazorClient|Any CPU.ActiveCfg = Release|Any CPU
		{68D208ED-3786-4A9B-AEDD-814AE315B055}.BlazorServer|Any CPU.ActiveCfg = Debug|Any CPU
		{68D208ED-3786-4A9B-AEDD-814AE315B055}.BlazorServer|Any CPU.Build.0 = Debug|Any CPU
		{68D208ED-3786-4A9B-AEDD-814AE315B055}.Debug|Any CPU.ActiveCfg = Debug|Any CPU
		{68D208ED-3786-4A9B-AEDD-814AE315B055}.Debug|Any CPU.Build.0 = Debug|Any CPU
		{68D208ED-3786-4A9B-AEDD-814AE315B055}.Release|Any CPU.ActiveCfg = Release|Any CPU
		{68D208ED-3786-4A9B-AEDD-814AE315B055}.Release|Any CPU.Build.0 = Release|Any CPU
		{405D481A-2358-48F2-B5B5-012C7C907504}.BlazorClient|Any CPU.ActiveCfg = Release|Any CPU
		{405D481A-2358-48F2-B5B5-012C7C907504}.BlazorClient|Any CPU.Build.0 = Release|Any CPU
		{405D481A-2358-48F2-B5B5-012C7C907504}.BlazorServer|Any CPU.ActiveCfg = Debug|Any CPU
		{405D481A-2358-48F2-B5B5-012C7C907504}.Debug|Any CPU.ActiveCfg = Debug|Any CPU
		{405D481A-2358-48F2-B5B5-012C7C907504}.Debug|Any CPU.Build.0 = Debug|Any CPU
		{405D481A-2358-48F2-B5B5-012C7C907504}.Release|Any CPU.ActiveCfg = Release|Any CPU
		{405D481A-2358-48F2-B5B5-012C7C907504}.Release|Any CPU.Build.0 = Release|Any CPU
		{5A780544-E47E-4754-8B33-899E92280B7E}.BlazorClient|Any CPU.ActiveCfg = Release|Any CPU
		{5A780544-E47E-4754-8B33-899E92280B7E}.BlazorClient|Any CPU.Build.0 = Release|Any CPU
		{5A780544-E47E-4754-8B33-899E92280B7E}.BlazorServer|Any CPU.ActiveCfg = Debug|Any CPU
		{5A780544-E47E-4754-8B33-899E92280B7E}.BlazorServer|Any CPU.Build.0 = Debug|Any CPU
		{5A780544-E47E-4754-8B33-899E92280B7E}.Debug|Any CPU.ActiveCfg = Debug|Any CPU
		{5A780544-E47E-4754-8B33-899E92280B7E}.Debug|Any CPU.Build.0 = Debug|Any CPU
		{5A780544-E47E-4754-8B33-899E92280B7E}.Release|Any CPU.ActiveCfg = Release|Any CPU
		{5A780544-E47E-4754-8B33-899E92280B7E}.Release|Any CPU.Build.0 = Release|Any CPU
		{366BF286-D763-471B-8F86-8F3700D8E2D8}.BlazorClient|Any CPU.ActiveCfg = Release|Any CPU
		{366BF286-D763-471B-8F86-8F3700D8E2D8}.BlazorClient|Any CPU.Build.0 = Release|Any CPU
		{366BF286-D763-471B-8F86-8F3700D8E2D8}.BlazorServer|Any CPU.ActiveCfg = Debug|Any CPU
		{366BF286-D763-471B-8F86-8F3700D8E2D8}.BlazorServer|Any CPU.Build.0 = Debug|Any CPU
		{366BF286-D763-471B-8F86-8F3700D8E2D8}.Debug|Any CPU.ActiveCfg = Debug|Any CPU
		{366BF286-D763-471B-8F86-8F3700D8E2D8}.Debug|Any CPU.Build.0 = Debug|Any CPU
		{366BF286-D763-471B-8F86-8F3700D8E2D8}.Release|Any CPU.ActiveCfg = Release|Any CPU
		{366BF286-D763-471B-8F86-8F3700D8E2D8}.Release|Any CPU.Build.0 = Release|Any CPU
		{993D9697-A319-4F76-91EB-E12908BF8751}.BlazorClient|Any CPU.ActiveCfg = Release|Any CPU
		{993D9697-A319-4F76-91EB-E12908BF8751}.BlazorClient|Any CPU.Build.0 = Release|Any CPU
		{993D9697-A319-4F76-91EB-E12908BF8751}.BlazorServer|Any CPU.ActiveCfg = Debug|Any CPU
		{993D9697-A319-4F76-91EB-E12908BF8751}.BlazorServer|Any CPU.Build.0 = Debug|Any CPU
		{993D9697-A319-4F76-91EB-E12908BF8751}.Debug|Any CPU.ActiveCfg = Debug|Any CPU
		{993D9697-A319-4F76-91EB-E12908BF8751}.Debug|Any CPU.Build.0 = Debug|Any CPU
		{993D9697-A319-4F76-91EB-E12908BF8751}.Release|Any CPU.ActiveCfg = Release|Any CPU
		{993D9697-A319-4F76-91EB-E12908BF8751}.Release|Any CPU.Build.0 = Release|Any CPU
		{84454DD2-D745-41E0-9061-5C4508DE9512}.BlazorClient|Any CPU.ActiveCfg = Release|Any CPU
		{84454DD2-D745-41E0-9061-5C4508DE9512}.BlazorClient|Any CPU.Build.0 = Release|Any CPU
		{84454DD2-D745-41E0-9061-5C4508DE9512}.BlazorServer|Any CPU.ActiveCfg = Debug|Any CPU
		{84454DD2-D745-41E0-9061-5C4508DE9512}.BlazorServer|Any CPU.Build.0 = Debug|Any CPU
		{84454DD2-D745-41E0-9061-5C4508DE9512}.Debug|Any CPU.ActiveCfg = Debug|Any CPU
		{84454DD2-D745-41E0-9061-5C4508DE9512}.Debug|Any CPU.Build.0 = Debug|Any CPU
		{84454DD2-D745-41E0-9061-5C4508DE9512}.Release|Any CPU.ActiveCfg = Release|Any CPU
		{84454DD2-D745-41E0-9061-5C4508DE9512}.Release|Any CPU.Build.0 = Release|Any CPU
		{E82CBD32-29D2-47DD-A684-26C94BBD741C}.BlazorClient|Any CPU.ActiveCfg = Release|Any CPU
		{E82CBD32-29D2-47DD-A684-26C94BBD741C}.BlazorClient|Any CPU.Build.0 = Release|Any CPU
		{E82CBD32-29D2-47DD-A684-26C94BBD741C}.BlazorServer|Any CPU.ActiveCfg = Debug|Any CPU
		{E82CBD32-29D2-47DD-A684-26C94BBD741C}.BlazorServer|Any CPU.Build.0 = Debug|Any CPU
		{E82CBD32-29D2-47DD-A684-26C94BBD741C}.Debug|Any CPU.ActiveCfg = Debug|Any CPU
		{E82CBD32-29D2-47DD-A684-26C94BBD741C}.Debug|Any CPU.Build.0 = Debug|Any CPU
		{E82CBD32-29D2-47DD-A684-26C94BBD741C}.Release|Any CPU.ActiveCfg = Release|Any CPU
		{E82CBD32-29D2-47DD-A684-26C94BBD741C}.Release|Any CPU.Build.0 = Release|Any CPU
		{D4979057-2940-424F-B247-71B60DC379FD}.BlazorClient|Any CPU.ActiveCfg = Release|Any CPU
		{D4979057-2940-424F-B247-71B60DC379FD}.BlazorClient|Any CPU.Build.0 = Release|Any CPU
		{D4979057-2940-424F-B247-71B60DC379FD}.BlazorServer|Any CPU.ActiveCfg = Debug|Any CPU
		{D4979057-2940-424F-B247-71B60DC379FD}.BlazorServer|Any CPU.Build.0 = Debug|Any CPU
		{D4979057-2940-424F-B247-71B60DC379FD}.Debug|Any CPU.ActiveCfg = Debug|Any CPU
		{D4979057-2940-424F-B247-71B60DC379FD}.Debug|Any CPU.Build.0 = Debug|Any CPU
		{D4979057-2940-424F-B247-71B60DC379FD}.Release|Any CPU.ActiveCfg = Release|Any CPU
		{D4979057-2940-424F-B247-71B60DC379FD}.Release|Any CPU.Build.0 = Release|Any CPU
		{EB1345A2-C6CD-405E-BF69-7941A633C0A9}.BlazorClient|Any CPU.ActiveCfg = Release|Any CPU
		{EB1345A2-C6CD-405E-BF69-7941A633C0A9}.BlazorClient|Any CPU.Build.0 = Release|Any CPU
		{EB1345A2-C6CD-405E-BF69-7941A633C0A9}.BlazorServer|Any CPU.ActiveCfg = Debug|Any CPU
		{EB1345A2-C6CD-405E-BF69-7941A633C0A9}.BlazorServer|Any CPU.Build.0 = Debug|Any CPU
		{EB1345A2-C6CD-405E-BF69-7941A633C0A9}.Debug|Any CPU.ActiveCfg = Debug|Any CPU
		{EB1345A2-C6CD-405E-BF69-7941A633C0A9}.Debug|Any CPU.Build.0 = Debug|Any CPU
		{EB1345A2-C6CD-405E-BF69-7941A633C0A9}.Release|Any CPU.ActiveCfg = Release|Any CPU
		{EB1345A2-C6CD-405E-BF69-7941A633C0A9}.Release|Any CPU.Build.0 = Release|Any CPU
		{A6AE3FC5-1C14-4F18-992F-8DE845F613D6}.BlazorClient|Any CPU.ActiveCfg = Debug|Any CPU
		{A6AE3FC5-1C14-4F18-992F-8DE845F613D6}.BlazorClient|Any CPU.Build.0 = Debug|Any CPU
		{A6AE3FC5-1C14-4F18-992F-8DE845F613D6}.BlazorServer|Any CPU.ActiveCfg = Debug|Any CPU
		{A6AE3FC5-1C14-4F18-992F-8DE845F613D6}.BlazorServer|Any CPU.Build.0 = Debug|Any CPU
		{A6AE3FC5-1C14-4F18-992F-8DE845F613D6}.Debug|Any CPU.ActiveCfg = Debug|Any CPU
		{A6AE3FC5-1C14-4F18-992F-8DE845F613D6}.Debug|Any CPU.Build.0 = Debug|Any CPU
		{A6AE3FC5-1C14-4F18-992F-8DE845F613D6}.Release|Any CPU.ActiveCfg = Release|Any CPU
		{A6AE3FC5-1C14-4F18-992F-8DE845F613D6}.Release|Any CPU.Build.0 = Release|Any CPU
	EndGlobalSection
	GlobalSection(SolutionProperties) = preSolution
		HideSolutionNode = FALSE
	EndGlobalSection
	GlobalSection(NestedProjects) = preSolution
		{366BF286-D763-471B-8F86-8F3700D8E2D8} = {571772E8-D061-4C6A-89D1-89A95A25E4B9}
		{993D9697-A319-4F76-91EB-E12908BF8751} = {1967A168-3E33-4896-BA6E-0FC4A555923A}
		{84454DD2-D745-41E0-9061-5C4508DE9512} = {1967A168-3E33-4896-BA6E-0FC4A555923A}
		{E82CBD32-29D2-47DD-A684-26C94BBD741C} = {1967A168-3E33-4896-BA6E-0FC4A555923A}
		{D4979057-2940-424F-B247-71B60DC379FD} = {1967A168-3E33-4896-BA6E-0FC4A555923A}
		{EB1345A2-C6CD-405E-BF69-7941A633C0A9} = {70268BB7-C322-48A1-B420-155DE0A3FDB2}
		{A6AE3FC5-1C14-4F18-992F-8DE845F613D6} = {571772E8-D061-4C6A-89D1-89A95A25E4B9}
		{571772E8-D061-4C6A-89D1-89A95A25E4B9} = {775B8268-1BED-4DC2-988D-D1D221FB5000}
	EndGlobalSection
	GlobalSection(ExtensibilityGlobals) = postSolution
		SolutionGuid = {F42D4C48-4A07-4F65-883B-DAED618FB590}
	EndGlobalSection
EndGlobal
